
Microsoft Visual Studio Solution File, Format Version 12.00
# Visual Studio Version 16
Project("{FAE04EC0-301F-11D3-BF4B-00C04F79EFBC}") = "MSiccDev.Libs.Maui.SystemColors", "src\MSiccDev.Libs.Maui.SystemColors.csproj", "{CFD38CFE-7D87-47E1-B1CA-977862CEDBBF}"
EndProject
Project("{FAE04EC0-301F-11D3-BF4B-00C04F79EFBC}") = "SystemColorsSample", "Sample\SystemColorsSample.csproj", "{5FEA6B42-CC3B-4FCB-AFEE-CFC36986A3A8}"
EndProject
Global
	GlobalSection(SolutionConfigurationPlatforms) = preSolution
		Debug|Any CPU = Debug|Any CPU
		Release|Any CPU = Release|Any CPU
	EndGlobalSection
	GlobalSection(ProjectConfigurationPlatforms) = postSolution
		{CFD38CFE-7D87-47E1-B1CA-977862CEDBBF}.Debug|Any CPU.ActiveCfg = Debug|Any CPU
		{CFD38CFE-7D87-47E1-B1CA-977862CEDBBF}.Debug|Any CPU.Build.0 = Debug|Any CPU
		{CFD38CFE-7D87-47E1-B1CA-977862CEDBBF}.Release|Any CPU.ActiveCfg = Release|Any CPU
		{CFD38CFE-7D87-47E1-B1CA-977862CEDBBF}.Release|Any CPU.Build.0 = Release|Any CPU
		{5FEA6B42-CC3B-4FCB-AFEE-CFC36986A3A8}.Debug|Any CPU.ActiveCfg = Debug|Any CPU
		{5FEA6B42-CC3B-4FCB-AFEE-CFC36986A3A8}.Debug|Any CPU.Build.0 = Debug|Any CPU
		{5FEA6B42-CC3B-4FCB-AFEE-CFC36986A3A8}.Release|Any CPU.ActiveCfg = Release|Any CPU
		{5FEA6B42-CC3B-4FCB-AFEE-CFC36986A3A8}.Release|Any CPU.Build.0 = Release|Any CPU
	EndGlobalSection
EndGlobal
